
Microsoft Visual Studio Solution File, Format Version 12.00
# Visual Studio Version 17
VisualStudioVersion = 17.8.34511.84
MinimumVisualStudioVersion = 10.0.40219.1
Project("{FAE04EC0-301F-11D3-BF4B-00C04F79EFBC}") = "Beecrowd 1002", "Beecrowd 1002.csproj", "{B8D9B891-21A8-4999-A2D2-2995A778F3FC}"
EndProject
Global
	GlobalSection(SolutionConfigurationPlatforms) = preSolution
		Debug|Any CPU = Debug|Any CPU
		Release|Any CPU = Release|Any CPU
	EndGlobalSection
	GlobalSection(ProjectConfigurationPlatforms) = postSolution
		{B8D9B891-21A8-4999-A2D2-2995A778F3FC}.Debug|Any CPU.ActiveCfg = Debug|Any CPU
		{B8D9B891-21A8-4999-A2D2-2995A778F3FC}.Debug|Any CPU.Build.0 = Debug|Any CPU
		{B8D9B891-21A8-4999-A2D2-2995A778F3FC}.Release|Any CPU.ActiveCfg = Release|Any CPU
		{B8D9B891-21A8-4999-A2D2-2995A778F3FC}.Release|Any CPU.Build.0 = Release|Any CPU
	EndGlobalSection
	GlobalSection(SolutionProperties) = preSolution
		HideSolutionNode = FALSE
	EndGlobalSection
	GlobalSection(ExtensibilityGlobals) = postSolution
		SolutionGuid = {53A14F42-41EB-40B9-97C9-407F79CF34A5}
	EndGlobalSection
EndGlobal
